
Microsoft Visual Studio Solution File, Format Version 12.00
# Visual Studio Version 16
VisualStudioVersion = 16.0.29609.76
MinimumVisualStudioVersion = 10.0.40219.1
Project("{9A19103F-16F7-4668-BE54-9A1E7A4F7556}") = "XUnitTestProject10", "XUnitTestProject10\XUnitTestProject10.csproj", "{9D9125E2-B306-4A5F-8613-A5EB1C9277F9}"
EndProject
Project("{FAE04EC0-301F-11D3-BF4B-00C04F79EFBC}") = "XUnitTestProject1", "XUnitTestProject1\XUnitTestProject1.csproj", "{39E1AD27-CC7F-48F4-A199-9DE5AFAC903E}"
EndProject
Project("{FAE04EC0-301F-11D3-BF4B-00C04F79EFBC}") = "XUnitTestProject2", "XUnitTestProject2\XUnitTestProject2.csproj", "{0BD5D315-020A-4A6E-AC48-F98433D72D4A}"
EndProject
Project("{FAE04EC0-301F-11D3-BF4B-00C04F79EFBC}") = "XUnitTestProject3", "XUnitTestProject3\XUnitTestProject3.csproj", "{7AF31835-3BE9-4EDC-8217-DED84726E521}"
EndProject
Project("{FAE04EC0-301F-11D3-BF4B-00C04F79EFBC}") = "XUnitTestProject4", "XUnitTestProject4\XUnitTestProject4.csproj", "{4C856468-32C5-4F71-838C-BD282171535D}"
EndProject
Project("{FAE04EC0-301F-11D3-BF4B-00C04F79EFBC}") = "XUnitTestProject5", "XUnitTestProject5\XUnitTestProject5.csproj", "{9C68344F-1D63-4EAC-9F59-3557BD64CEF1}"
EndProject
Project("{FAE04EC0-301F-11D3-BF4B-00C04F79EFBC}") = "XUnitTestProject6", "XUnitTestProject6\XUnitTestProject6.csproj", "{1E33781D-BAE0-47DE-B29F-995D9E474B7D}"
EndProject
Project("{FAE04EC0-301F-11D3-BF4B-00C04F79EFBC}") = "XUnitTestProject7", "XUnitTestProject7\XUnitTestProject7.csproj", "{FB0474B0-328B-490B-A874-96B798A96D6E}"
EndProject
Project("{FAE04EC0-301F-11D3-BF4B-00C04F79EFBC}") = "XUnitTestProject8", "XUnitTestProject8\XUnitTestProject8.csproj", "{F1CB65FE-1B28-457F-865D-B3F38A5CDF09}"
EndProject
Project("{FAE04EC0-301F-11D3-BF4B-00C04F79EFBC}") = "XUnitTestProject9", "XUnitTestProject9\XUnitTestProject9.csproj", "{C4C1CA8C-3544-4B58-B6CD-6C4EDEF91B88}"
EndProject
Global
	GlobalSection(SolutionConfigurationPlatforms) = preSolution
		Debug|Any CPU = Debug|Any CPU
		Release|Any CPU = Release|Any CPU
	EndGlobalSection
	GlobalSection(ProjectConfigurationPlatforms) = postSolution
		{9D9125E2-B306-4A5F-8613-A5EB1C9277F9}.Debug|Any CPU.ActiveCfg = Debug|Any CPU
		{9D9125E2-B306-4A5F-8613-A5EB1C9277F9}.Debug|Any CPU.Build.0 = Debug|Any CPU
		{9D9125E2-B306-4A5F-8613-A5EB1C9277F9}.Release|Any CPU.ActiveCfg = Release|Any CPU
		{9D9125E2-B306-4A5F-8613-A5EB1C9277F9}.Release|Any CPU.Build.0 = Release|Any CPU
		{39E1AD27-CC7F-48F4-A199-9DE5AFAC903E}.Debug|Any CPU.ActiveCfg = Debug|Any CPU
		{39E1AD27-CC7F-48F4-A199-9DE5AFAC903E}.Debug|Any CPU.Build.0 = Debug|Any CPU
		{39E1AD27-CC7F-48F4-A199-9DE5AFAC903E}.Release|Any CPU.ActiveCfg = Release|Any CPU
		{39E1AD27-CC7F-48F4-A199-9DE5AFAC903E}.Release|Any CPU.Build.0 = Release|Any CPU
		{0BD5D315-020A-4A6E-AC48-F98433D72D4A}.Debug|Any CPU.ActiveCfg = Debug|Any CPU
		{0BD5D315-020A-4A6E-AC48-F98433D72D4A}.Debug|Any CPU.Build.0 = Debug|Any CPU
		{0BD5D315-020A-4A6E-AC48-F98433D72D4A}.Release|Any CPU.ActiveCfg = Release|Any CPU
		{0BD5D315-020A-4A6E-AC48-F98433D72D4A}.Release|Any CPU.Build.0 = Release|Any CPU
		{7AF31835-3BE9-4EDC-8217-DED84726E521}.Debug|Any CPU.ActiveCfg = Debug|Any CPU
		{7AF31835-3BE9-4EDC-8217-DED84726E521}.Debug|Any CPU.Build.0 = Debug|Any CPU
		{7AF31835-3BE9-4EDC-8217-DED84726E521}.Release|Any CPU.ActiveCfg = Release|Any CPU
		{7AF31835-3BE9-4EDC-8217-DED84726E521}.Release|Any CPU.Build.0 = Release|Any CPU
		{4C856468-32C5-4F71-838C-BD282171535D}.Debug|Any CPU.ActiveCfg = Debug|Any CPU
		{4C856468-32C5-4F71-838C-BD282171535D}.Debug|Any CPU.Build.0 = Debug|Any CPU
		{4C856468-32C5-4F71-838C-BD282171535D}.Release|Any CPU.ActiveCfg = Release|Any CPU
		{4C856468-32C5-4F71-838C-BD282171535D}.Release|Any CPU.Build.0 = Release|Any CPU
		{9C68344F-1D63-4EAC-9F59-3557BD64CEF1}.Debug|Any CPU.ActiveCfg = Debug|Any CPU
		{9C68344F-1D63-4EAC-9F59-3557BD64CEF1}.Debug|Any CPU.Build.0 = Debug|Any CPU
		{9C68344F-1D63-4EAC-9F59-3557BD64CEF1}.Release|Any CPU.ActiveCfg = Release|Any CPU
		{9C68344F-1D63-4EAC-9F59-3557BD64CEF1}.Release|Any CPU.Build.0 = Release|Any CPU
		{1E33781D-BAE0-47DE-B29F-995D9E474B7D}.Debug|Any CPU.ActiveCfg = Debug|Any CPU
		{1E33781D-BAE0-47DE-B29F-995D9E474B7D}.Debug|Any CPU.Build.0 = Debug|Any CPU
		{1E33781D-BAE0-47DE-B29F-995D9E474B7D}.Release|Any CPU.ActiveCfg = Release|Any CPU
		{1E33781D-BAE0-47DE-B29F-995D9E474B7D}.Release|Any CPU.Build.0 = Release|Any CPU
		{FB0474B0-328B-490B-A874-96B798A96D6E}.Debug|Any CPU.ActiveCfg = Debug|Any CPU
		{FB0474B0-328B-490B-A874-96B798A96D6E}.Debug|Any CPU.Build.0 = Debug|Any CPU
		{FB0474B0-328B-490B-A874-96B798A96D6E}.Release|Any CPU.ActiveCfg = Release|Any CPU
		{FB0474B0-328B-490B-A874-96B798A96D6E}.Release|Any CPU.Build.0 = Release|Any CPU
		{F1CB65FE-1B28-457F-865D-B3F38A5CDF09}.Debug|Any CPU.ActiveCfg = Debug|Any CPU
		{F1CB65FE-1B28-457F-865D-B3F38A5CDF09}.Debug|Any CPU.Build.0 = Debug|Any CPU
		{F1CB65FE-1B28-457F-865D-B3F38A5CDF09}.Release|Any CPU.ActiveCfg = Release|Any CPU
		{F1CB65FE-1B28-457F-865D-B3F38A5CDF09}.Release|Any CPU.Build.0 = Release|Any CPU
		{C4C1CA8C-3544-4B58-B6CD-6C4EDEF91B88}.Debug|Any CPU.ActiveCfg = Debug|Any CPU
		{C4C1CA8C-3544-4B58-B6CD-6C4EDEF91B88}.Debug|Any CPU.Build.0 = Debug|Any CPU
		{C4C1CA8C-3544-4B58-B6CD-6C4EDEF91B88}.Release|Any CPU.ActiveCfg = Release|Any CPU
		{C4C1CA8C-3544-4B58-B6CD-6C4EDEF91B88}.Release|Any CPU.Build.0 = Release|Any CPU
	EndGlobalSection
	GlobalSection(SolutionProperties) = preSolution
		HideSolutionNode = FALSE
	EndGlobalSection
	GlobalSection(ExtensibilityGlobals) = postSolution
		SolutionGuid = {BD5373C1-A4CE-49B3-B4A8-CF1D26908264}
	EndGlobalSection
EndGlobal
